
Microsoft Visual Studio Solution File, Format Version 12.00
# Visual Studio Version 17
VisualStudioVersion = 17.9.34622.214
MinimumVisualStudioVersion = 10.0.40219.1
Project("{9A19103F-16F7-4668-BE54-9A1E7A4F7556}") = "Presentation", "Presentation\Presentation.csproj", "{89CFE35F-1BF1-45DB-8E9A-9143CBE5B225}"
EndProject
Project("{9A19103F-16F7-4668-BE54-9A1E7A4F7556}") = "Logic", "Logic\Logic.csproj", "{597FE13A-9B55-49F4-BB38-030B34354A24}"
EndProject
Project("{9A19103F-16F7-4668-BE54-9A1E7A4F7556}") = "Data", "Data\Data.csproj", "{FC7D1A69-2E20-4C92-8063-C743454EB2D7}"
EndProject
Project("{9A19103F-16F7-4668-BE54-9A1E7A4F7556}") = "Tests", "Tests\Tests.csproj", "{EAD07684-AB1B-4D0F-BA95-C96E1A5DBC4E}"
EndProject
Global
	GlobalSection(SolutionConfigurationPlatforms) = preSolution
		Debug|Any CPU = Debug|Any CPU
		Release|Any CPU = Release|Any CPU
	EndGlobalSection
	GlobalSection(ProjectConfigurationPlatforms) = postSolution
		{89CFE35F-1BF1-45DB-8E9A-9143CBE5B225}.Debug|Any CPU.ActiveCfg = Debug|Any CPU
		{89CFE35F-1BF1-45DB-8E9A-9143CBE5B225}.Debug|Any CPU.Build.0 = Debug|Any CPU
		{89CFE35F-1BF1-45DB-8E9A-9143CBE5B225}.Release|Any CPU.ActiveCfg = Release|Any CPU
		{89CFE35F-1BF1-45DB-8E9A-9143CBE5B225}.Release|Any CPU.Build.0 = Release|Any CPU
		{597FE13A-9B55-49F4-BB38-030B34354A24}.Debug|Any CPU.ActiveCfg = Debug|Any CPU
		{597FE13A-9B55-49F4-BB38-030B34354A24}.Debug|Any CPU.Build.0 = Debug|Any CPU
		{597FE13A-9B55-49F4-BB38-030B34354A24}.Release|Any CPU.ActiveCfg = Release|Any CPU
		{597FE13A-9B55-49F4-BB38-030B34354A24}.Release|Any CPU.Build.0 = Release|Any CPU
		{FC7D1A69-2E20-4C92-8063-C743454EB2D7}.Debug|Any CPU.ActiveCfg = Debug|Any CPU
		{FC7D1A69-2E20-4C92-8063-C743454EB2D7}.Debug|Any CPU.Build.0 = Debug|Any CPU
		{FC7D1A69-2E20-4C92-8063-C743454EB2D7}.Release|Any CPU.ActiveCfg = Release|Any CPU
		{FC7D1A69-2E20-4C92-8063-C743454EB2D7}.Release|Any CPU.Build.0 = Release|Any CPU
		{EAD07684-AB1B-4D0F-BA95-C96E1A5DBC4E}.Debug|Any CPU.ActiveCfg = Debug|Any CPU
		{EAD07684-AB1B-4D0F-BA95-C96E1A5DBC4E}.Debug|Any CPU.Build.0 = Debug|Any CPU
		{EAD07684-AB1B-4D0F-BA95-C96E1A5DBC4E}.Release|Any CPU.ActiveCfg = Release|Any CPU
		{EAD07684-AB1B-4D0F-BA95-C96E1A5DBC4E}.Release|Any CPU.Build.0 = Release|Any CPU
	EndGlobalSection
	GlobalSection(SolutionProperties) = preSolution
		HideSolutionNode = FALSE
	EndGlobalSection
	GlobalSection(ExtensibilityGlobals) = postSolution
		SolutionGuid = {74D05ADE-9B79-4197-8A3D-DC7299ADD1D4}
	EndGlobalSection
EndGlobal
